// !$*UTF8*$!
{
	archiveVersion = 1;
	classes = {
	};
	objectVersion = 46;
	objects = {

/* Begin PBXBuildFile section */
		6386C34B1CC05A0C001ED26E /* libamd.2.4.1.a in Frameworks */ = {isa = PBXBuildFile; fileRef = 6386C3311CC05A0C001ED26E /* libamd.2.4.1.a */; };
		6386C34C1CC05A0C001ED26E /* libamd.a in Frameworks */ = {isa = PBXBuildFile; fileRef = 6386C3321CC05A0C001ED26E /* libamd.a */; };
		6386C34D1CC05A0C001ED26E /* libbtf.1.2.1.a in Frameworks */ = {isa = PBXBuildFile; fileRef = 6386C3331CC05A0C001ED26E /* libbtf.1.2.1.a */; };
		6386C34E1CC05A0C001ED26E /* libbtf.a in Frameworks */ = {isa = PBXBuildFile; fileRef = 6386C3341CC05A0C001ED26E /* libbtf.a */; };
		6386C34F1CC05A0C001ED26E /* libcamd.2.4.1.a in Frameworks */ = {isa = PBXBuildFile; fileRef = 6386C3351CC05A0C001ED26E /* libcamd.2.4.1.a */; };
		6386C3501CC05A0C001ED26E /* libcamd.a in Frameworks */ = {isa = PBXBuildFile; fileRef = 6386C3361CC05A0C001ED26E /* libcamd.a */; };
		6386C3511CC05A0C001ED26E /* libccolamd.2.9.1.a in Frameworks */ = {isa = PBXBuildFile; fileRef = 6386C3371CC05A0C001ED26E /* libccolamd.2.9.1.a */; };
		6386C3521CC05A0C001ED26E /* libccolamd.a in Frameworks */ = {isa = PBXBuildFile; fileRef = 6386C3381CC05A0C001ED26E /* libccolamd.a */; };
		6386C3531CC05A0C001ED26E /* libcholmod.3.0.5.a in Frameworks */ = {isa = PBXBuildFile; fileRef = 6386C3391CC05A0C001ED26E /* libcholmod.3.0.5.a */; };
		6386C3541CC05A0C001ED26E /* libcholmod.a in Frameworks */ = {isa = PBXBuildFile; fileRef = 6386C33A1CC05A0C001ED26E /* libcholmod.a */; };
		6386C3551CC05A0C001ED26E /* libcolamd.2.9.1.a in Frameworks */ = {isa = PBXBuildFile; fileRef = 6386C33B1CC05A0C001ED26E /* libcolamd.2.9.1.a */; };
		6386C3561CC05A0C001ED26E /* libcolamd.a in Frameworks */ = {isa = PBXBuildFile; fileRef = 6386C33C1CC05A0C001ED26E /* libcolamd.a */; };
		6386C3571CC05A0C001ED26E /* libcxsparse.3.1.4.a in Frameworks */ = {isa = PBXBuildFile; fileRef = 6386C33D1CC05A0C001ED26E /* libcxsparse.3.1.4.a */; };
		6386C3581CC05A0C001ED26E /* libcxsparse.a in Frameworks */ = {isa = PBXBuildFile; fileRef = 6386C33E1CC05A0C001ED26E /* libcxsparse.a */; };
		6386C3591CC05A0C001ED26E /* libklu.1.3.2.a in Frameworks */ = {isa = PBXBuildFile; fileRef = 6386C33F1CC05A0C001ED26E /* libklu.1.3.2.a */; };
		6386C35A1CC05A0C001ED26E /* libklu.a in Frameworks */ = {isa = PBXBuildFile; fileRef = 6386C3401CC05A0C001ED26E /* libklu.a */; };
		6386C35B1CC05A0C001ED26E /* libldl.2.2.1.a in Frameworks */ = {isa = PBXBuildFile; fileRef = 6386C3411CC05A0C001ED26E /* libldl.2.2.1.a */; };
		6386C35C1CC05A0C001ED26E /* libldl.a in Frameworks */ = {isa = PBXBuildFile; fileRef = 6386C3421CC05A0C001ED26E /* libldl.a */; };
		6386C35D1CC05A0C001ED26E /* librbio.2.2.1.a in Frameworks */ = {isa = PBXBuildFile; fileRef = 6386C3431CC05A0C001ED26E /* librbio.2.2.1.a */; };
		6386C35E1CC05A0C001ED26E /* librbio.a in Frameworks */ = {isa = PBXBuildFile; fileRef = 6386C3441CC05A0C001ED26E /* librbio.a */; };
		6386C35F1CC05A0C001ED26E /* libspqr.2.0.1.a in Frameworks */ = {isa = PBXBuildFile; fileRef = 6386C3451CC05A0C001ED26E /* libspqr.2.0.1.a */; };
		6386C3601CC05A0C001ED26E /* libspqr.a in Frameworks */ = {isa = PBXBuildFile; fileRef = 6386C3461CC05A0C001ED26E /* libspqr.a */; };
		6386C3611CC05A0C001ED26E /* libsuitesparseconfig.4.4.4.a in Frameworks */ = {isa = PBXBuildFile; fileRef = 6386C3471CC05A0C001ED26E /* libsuitesparseconfig.4.4.4.a */; };
		6386C3621CC05A0C001ED26E /* libsuitesparseconfig.a in Frameworks */ = {isa = PBXBuildFile; fileRef = 6386C3481CC05A0C001ED26E /* libsuitesparseconfig.a */; };
		6386C3631CC05A0C001ED26E /* libumfpack.5.7.1.a in Frameworks */ = {isa = PBXBuildFile; fileRef = 6386C3491CC05A0C001ED26E /* libumfpack.5.7.1.a */; };
		6386C3641CC05A0C001ED26E /* libumfpack.a in Frameworks */ = {isa = PBXBuildFile; fileRef = 6386C34A1CC05A0C001ED26E /* libumfpack.a */; };
		7C0F4FC51C5BF9090085C5D5 /* GLUT.framework in Frameworks */ = {isa = PBXBuildFile; fileRef = 7C0F4FC41C5BF9090085C5D5 /* GLUT.framework */; };
		7C0F4FC91C5BF9930085C5D5 /* OpenGL.framework in Frameworks */ = {isa = PBXBuildFile; fileRef = 7C0F4FC81C5BF9930085C5D5 /* OpenGL.framework */; };
		7C686C641C5B0EB000CE0F27 /* mesh_processing.mm in Sources */ = {isa = PBXBuildFile; fileRef = 7C686C631C5B0EB000CE0F27 /* mesh_processing.mm */; };
		7CBF63B41C6DFEA400B60188 /* GLUI.framework in Frameworks */ = {isa = PBXBuildFile; fileRef = 7CBF63B31C6DFEA400B60188 /* GLUI.framework */; };
		7CBF63B81C6E004C00B60188 /* Cocoa.framework in Frameworks */ = {isa = PBXBuildFile; fileRef = 7CBF63B71C6E004C00B60188 /* Cocoa.framework */; };
		7CFDFA181CC04C0A0024325F /* Accelerate.framework in Frameworks */ = {isa = PBXBuildFile; fileRef = 7CFDFA171CC04C0A0024325F /* Accelerate.framework */; };
/* End PBXBuildFile section */

/* Begin PBXCopyFilesBuildPhase section */
		7C686C5E1C5B0EB000CE0F27 /* CopyFiles */ = {
			isa = PBXCopyFilesBuildPhase;
			buildActionMask = 2147483647;
			dstPath = /usr/share/man/man1/;
			dstSubfolderSpec = 0;
			files = (
			);
			runOnlyForDeploymentPostprocessing = 1;
		};
/* End PBXCopyFilesBuildPhase section */

/* Begin PBXFileReference section */
		6386C3311CC05A0C001ED26E /* libamd.2.4.1.a */ = {isa = PBXFileReference; lastKnownFileType = archive.ar; name = libamd.2.4.1.a; path = "../../../../../../usr/local/Cellar/suite-sparse/4.4.4_2/lib/libamd.2.4.1.a"; sourceTree = "<group>"; };
		6386C3321CC05A0C001ED26E /* libamd.a */ = {isa = PBXFileReference; lastKnownFileType = archive.ar; name = libamd.a; path = "../../../../../../usr/local/Cellar/suite-sparse/4.4.4_2/lib/libamd.a"; sourceTree = "<group>"; };
		6386C3331CC05A0C001ED26E /* libbtf.1.2.1.a */ = {isa = PBXFileReference; lastKnownFileType = archive.ar; name = libbtf.1.2.1.a; path = "../../../../../../usr/local/Cellar/suite-sparse/4.4.4_2/lib/libbtf.1.2.1.a"; sourceTree = "<group>"; };
		6386C3341CC05A0C001ED26E /* libbtf.a */ = {isa = PBXFileReference; lastKnownFileType = archive.ar; name = libbtf.a; path = "../../../../../../usr/local/Cellar/suite-sparse/4.4.4_2/lib/libbtf.a"; sourceTree = "<group>"; };
		6386C3351CC05A0C001ED26E /* libcamd.2.4.1.a */ = {isa = PBXFileReference; lastKnownFileType = archive.ar; name = libcamd.2.4.1.a; path = "../../../../../../usr/local/Cellar/suite-sparse/4.4.4_2/lib/libcamd.2.4.1.a"; sourceTree = "<group>"; };
		6386C3361CC05A0C001ED26E /* libcamd.a */ = {isa = PBXFileReference; lastKnownFileType = archive.ar; name = libcamd.a; path = "../../../../../../usr/local/Cellar/suite-sparse/4.4.4_2/lib/libcamd.a"; sourceTree = "<group>"; };
		6386C3371CC05A0C001ED26E /* libccolamd.2.9.1.a */ = {isa = PBXFileReference; lastKnownFileType = archive.ar; name = libccolamd.2.9.1.a; path = "../../../../../../usr/local/Cellar/suite-sparse/4.4.4_2/lib/libccolamd.2.9.1.a"; sourceTree = "<group>"; };
		6386C3381CC05A0C001ED26E /* libccolamd.a */ = {isa = PBXFileReference; lastKnownFileType = archive.ar; name = libccolamd.a; path = "../../../../../../usr/local/Cellar/suite-sparse/4.4.4_2/lib/libccolamd.a"; sourceTree = "<group>"; };
		6386C3391CC05A0C001ED26E /* libcholmod.3.0.5.a */ = {isa = PBXFileReference; lastKnownFileType = archive.ar; name = libcholmod.3.0.5.a; path = "../../../../../../usr/local/Cellar/suite-sparse/4.4.4_2/lib/libcholmod.3.0.5.a"; sourceTree = "<group>"; };
		6386C33A1CC05A0C001ED26E /* libcholmod.a */ = {isa = PBXFileReference; lastKnownFileType = archive.ar; name = libcholmod.a; path = "../../../../../../usr/local/Cellar/suite-sparse/4.4.4_2/lib/libcholmod.a"; sourceTree = "<group>"; };
		6386C33B1CC05A0C001ED26E /* libcolamd.2.9.1.a */ = {isa = PBXFileReference; lastKnownFileType = archive.ar; name = libcolamd.2.9.1.a; path = "../../../../../../usr/local/Cellar/suite-sparse/4.4.4_2/lib/libcolamd.2.9.1.a"; sourceTree = "<group>"; };
		6386C33C1CC05A0C001ED26E /* libcolamd.a */ = {isa = PBXFileReference; lastKnownFileType = archive.ar; name = libcolamd.a; path = "../../../../../../usr/local/Cellar/suite-sparse/4.4.4_2/lib/libcolamd.a"; sourceTree = "<group>"; };
		6386C33D1CC05A0C001ED26E /* libcxsparse.3.1.4.a */ = {isa = PBXFileReference; lastKnownFileType = archive.ar; name = libcxsparse.3.1.4.a; path = "../../../../../../usr/local/Cellar/suite-sparse/4.4.4_2/lib/libcxsparse.3.1.4.a"; sourceTree = "<group>"; };
		6386C33E1CC05A0C001ED26E /* libcxsparse.a */ = {isa = PBXFileReference; lastKnownFileType = archive.ar; name = libcxsparse.a; path = "../../../../../../usr/local/Cellar/suite-sparse/4.4.4_2/lib/libcxsparse.a"; sourceTree = "<group>"; };
		6386C33F1CC05A0C001ED26E /* libklu.1.3.2.a */ = {isa = PBXFileReference; lastKnownFileType = archive.ar; name = libklu.1.3.2.a; path = "../../../../../../usr/local/Cellar/suite-sparse/4.4.4_2/lib/libklu.1.3.2.a"; sourceTree = "<group>"; };
		6386C3401CC05A0C001ED26E /* libklu.a */ = {isa = PBXFileReference; lastKnownFileType = archive.ar; name = libklu.a; path = "../../../../../../usr/local/Cellar/suite-sparse/4.4.4_2/lib/libklu.a"; sourceTree = "<group>"; };
		6386C3411CC05A0C001ED26E /* libldl.2.2.1.a */ = {isa = PBXFileReference; lastKnownFileType = archive.ar; name = libldl.2.2.1.a; path = "../../../../../../usr/local/Cellar/suite-sparse/4.4.4_2/lib/libldl.2.2.1.a"; sourceTree = "<group>"; };
		6386C3421CC05A0C001ED26E /* libldl.a */ = {isa = PBXFileReference; lastKnownFileType = archive.ar; name = libldl.a; path = "../../../../../../usr/local/Cellar/suite-sparse/4.4.4_2/lib/libldl.a"; sourceTree = "<group>"; };
		6386C3431CC05A0C001ED26E /* librbio.2.2.1.a */ = {isa = PBXFileReference; lastKnownFileType = archive.ar; name = librbio.2.2.1.a; path = "../../../../../../usr/local/Cellar/suite-sparse/4.4.4_2/lib/librbio.2.2.1.a"; sourceTree = "<group>"; };
		6386C3441CC05A0C001ED26E /* librbio.a */ = {isa = PBXFileReference; lastKnownFileType = archive.ar; name = librbio.a; path = "../../../../../../usr/local/Cellar/suite-sparse/4.4.4_2/lib/librbio.a"; sourceTree = "<group>"; };
		6386C3451CC05A0C001ED26E /* libspqr.2.0.1.a */ = {isa = PBXFileReference; lastKnownFileType = archive.ar; name = libspqr.2.0.1.a; path = "../../../../../../usr/local/Cellar/suite-sparse/4.4.4_2/lib/libspqr.2.0.1.a"; sourceTree = "<group>"; };
		6386C3461CC05A0C001ED26E /* libspqr.a */ = {isa = PBXFileReference; lastKnownFileType = archive.ar; name = libspqr.a; path = "../../../../../../usr/local/Cellar/suite-sparse/4.4.4_2/lib/libspqr.a"; sourceTree = "<group>"; };
		6386C3471CC05A0C001ED26E /* libsuitesparseconfig.4.4.4.a */ = {isa = PBXFileReference; lastKnownFileType = archive.ar; name = libsuitesparseconfig.4.4.4.a; path = "../../../../../../usr/local/Cellar/suite-sparse/4.4.4_2/lib/libsuitesparseconfig.4.4.4.a"; sourceTree = "<group>"; };
		6386C3481CC05A0C001ED26E /* libsuitesparseconfig.a */ = {isa = PBXFileReference; lastKnownFileType = archive.ar; name = libsuitesparseconfig.a; path = "../../../../../../usr/local/Cellar/suite-sparse/4.4.4_2/lib/libsuitesparseconfig.a"; sourceTree = "<group>"; };
		6386C3491CC05A0C001ED26E /* libumfpack.5.7.1.a */ = {isa = PBXFileReference; lastKnownFileType = archive.ar; name = libumfpack.5.7.1.a; path = "../../../../../../usr/local/Cellar/suite-sparse/4.4.4_2/lib/libumfpack.5.7.1.a"; sourceTree = "<group>"; };
		6386C34A1CC05A0C001ED26E /* libumfpack.a */ = {isa = PBXFileReference; lastKnownFileType = archive.ar; name = libumfpack.a; path = "../../../../../../usr/local/Cellar/suite-sparse/4.4.4_2/lib/libumfpack.a"; sourceTree = "<group>"; };
		7C0F4FC41C5BF9090085C5D5 /* GLUT.framework */ = {isa = PBXFileReference; lastKnownFileType = wrapper.framework; name = GLUT.framework; path = System/Library/Frameworks/GLUT.framework; sourceTree = SDKROOT; };
		7C0F4FC81C5BF9930085C5D5 /* OpenGL.framework */ = {isa = PBXFileReference; lastKnownFileType = wrapper.framework; name = OpenGL.framework; path = System/Library/Frameworks/OpenGL.framework; sourceTree = SDKROOT; };
		7C0FB6D01C7412D400D6BFDA /* MacTypes.h */ = {isa = PBXFileReference; lastKnownFileType = sourcecode.c.h; path = MacTypes.h; sourceTree = "<group>"; };
		7C6205D31C9B868F00016F07 /* jama_lu.h */ = {isa = PBXFileReference; lastKnownFileType = sourcecode.c.h; path = jama_lu.h; sourceTree = "<group>"; };
		7C686C601C5B0EB000CE0F27 /* tutte_embedding */ = {isa = PBXFileReference; explicitFileType = "compiled.mach-o.executable"; includeInIndex = 0; path = tutte_embedding; sourceTree = BUILT_PRODUCTS_DIR; };
		7C686C631C5B0EB000CE0F27 /* mesh_processing.mm */ = {isa = PBXFileReference; lastKnownFileType = sourcecode.cpp.objcpp; path = mesh_processing.mm; sourceTree = "<group>"; };
		7CB7C38C1C9A8658000DFC4E /* parameterization.h */ = {isa = PBXFileReference; lastKnownFileType = sourcecode.c.h; path = parameterization.h; sourceTree = "<group>"; };
		7CB7C3A91C9A967D000DFC4E /* tnt.h */ = {isa = PBXFileReference; lastKnownFileType = sourcecode.c.h; name = tnt.h; path = tnt_126/tnt.h; sourceTree = "<group>"; };
		7CBF63B21C6CDCB400B60188 /* glm.hpp */ = {isa = PBXFileReference; fileEncoding = 4; lastKnownFileType = sourcecode.cpp.h; name = glm.hpp; path = glm/glm.hpp; sourceTree = SOURCE_ROOT; };
		7CBF63B31C6DFEA400B60188 /* GLUI.framework */ = {isa = PBXFileReference; lastKnownFileType = wrapper.framework; path = GLUI.framework; sourceTree = "<group>"; };
		7CBF63B71C6E004C00B60188 /* Cocoa.framework */ = {isa = PBXFileReference; lastKnownFileType = wrapper.framework; name = Cocoa.framework; path = System/Library/Frameworks/Cocoa.framework; sourceTree = SDKROOT; };
		7CE06EEF1C8A7A830057C347 /* wing_edge_ds.h */ = {isa = PBXFileReference; lastKnownFileType = sourcecode.c.h; path = wing_edge_ds.h; sourceTree = "<group>"; };
		7CFDFA141CC04A210024325F /* Eigen */ = {isa = PBXFileReference; lastKnownFileType = folder; name = Eigen; path = 464A1/Eigen; sourceTree = "<group>"; };
		7CFDFA171CC04C0A0024325F /* Accelerate.framework */ = {isa = PBXFileReference; lastKnownFileType = wrapper.framework; name = Accelerate.framework; path = System/Library/Frameworks/Accelerate.framework; sourceTree = SDKROOT; };
/* End PBXFileReference section */

/* Begin PBXFrameworksBuildPhase section */
		7C686C5D1C5B0EB000CE0F27 /* Frameworks */ = {
			isa = PBXFrameworksBuildPhase;
			buildActionMask = 2147483647;
			files = (
				6386C3621CC05A0C001ED26E /* libsuitesparseconfig.a in Frameworks */,
				6386C3501CC05A0C001ED26E /* libcamd.a in Frameworks */,
				6386C3521CC05A0C001ED26E /* libccolamd.a in Frameworks */,
				7CFDFA181CC04C0A0024325F /* Accelerate.framework in Frameworks */,
				6386C3591CC05A0C001ED26E /* libklu.1.3.2.a in Frameworks */,
				6386C35A1CC05A0C001ED26E /* libklu.a in Frameworks */,
				6386C3601CC05A0C001ED26E /* libspqr.a in Frameworks */,
				6386C3561CC05A0C001ED26E /* libcolamd.a in Frameworks */,
				7CBF63B81C6E004C00B60188 /* Cocoa.framework in Frameworks */,
				6386C3641CC05A0C001ED26E /* libumfpack.a in Frameworks */,
				6386C34D1CC05A0C001ED26E /* libbtf.1.2.1.a in Frameworks */,
				6386C34B1CC05A0C001ED26E /* libamd.2.4.1.a in Frameworks */,
				7CBF63B41C6DFEA400B60188 /* GLUI.framework in Frameworks */,
				6386C3551CC05A0C001ED26E /* libcolamd.2.9.1.a in Frameworks */,
				7C0F4FC91C5BF9930085C5D5 /* OpenGL.framework in Frameworks */,
				6386C34C1CC05A0C001ED26E /* libamd.a in Frameworks */,
				6386C3571CC05A0C001ED26E /* libcxsparse.3.1.4.a in Frameworks */,
				6386C35D1CC05A0C001ED26E /* librbio.2.2.1.a in Frameworks */,
				6386C34F1CC05A0C001ED26E /* libcamd.2.4.1.a in Frameworks */,
				6386C3581CC05A0C001ED26E /* libcxsparse.a in Frameworks */,
				6386C3511CC05A0C001ED26E /* libccolamd.2.9.1.a in Frameworks */,
				7C0F4FC51C5BF9090085C5D5 /* GLUT.framework in Frameworks */,
				6386C35F1CC05A0C001ED26E /* libspqr.2.0.1.a in Frameworks */,
				6386C3631CC05A0C001ED26E /* libumfpack.5.7.1.a in Frameworks */,
				6386C3541CC05A0C001ED26E /* libcholmod.a in Frameworks */,
				6386C34E1CC05A0C001ED26E /* libbtf.a in Frameworks */,
				6386C35B1CC05A0C001ED26E /* libldl.2.2.1.a in Frameworks */,
				6386C35C1CC05A0C001ED26E /* libldl.a in Frameworks */,
				6386C3611CC05A0C001ED26E /* libsuitesparseconfig.4.4.4.a in Frameworks */,
				6386C35E1CC05A0C001ED26E /* librbio.a in Frameworks */,
				6386C3531CC05A0C001ED26E /* libcholmod.3.0.5.a in Frameworks */,
			);
			runOnlyForDeploymentPostprocessing = 0;
		};
/* End PBXFrameworksBuildPhase section */

/* Begin PBXGroup section */
		7C686C571C5B0EB000CE0F27 = {
			isa = PBXGroup;
			children = (
				7CFDFAB61CC058860024325F /* lib */,
				7CFDFA171CC04C0A0024325F /* Accelerate.framework */,
				7CBF63B71C6E004C00B60188 /* Cocoa.framework */,
				7CBF63B31C6DFEA400B60188 /* GLUI.framework */,
				7C0F4FC81C5BF9930085C5D5 /* OpenGL.framework */,
				7C0F4FC41C5BF9090085C5D5 /* GLUT.framework */,
				7C686C621C5B0EB000CE0F27 /* codes */,
				7C686C611C5B0EB000CE0F27 /* Products */,
				7CFDFA141CC04A210024325F /* Eigen */,
			);
			sourceTree = "<group>";
		};
		7C686C611C5B0EB000CE0F27 /* Products */ = {
			isa = PBXGroup;
			children = (
				7C686C601C5B0EB000CE0F27 /* tutte_embedding */,
			);
			name = Products;
			sourceTree = "<group>";
		};
		7C686C621C5B0EB000CE0F27 /* codes */ = {
			isa = PBXGroup;
			children = (
				7CB7C3A91C9A967D000DFC4E /* tnt.h */,
				7CBF63B21C6CDCB400B60188 /* glm.hpp */,
				7C0FB6D01C7412D400D6BFDA /* MacTypes.h */,
				7C686C631C5B0EB000CE0F27 /* mesh_processing.mm */,
				7CE06EEF1C8A7A830057C347 /* wing_edge_ds.h */,
				7CB7C38C1C9A8658000DFC4E /* parameterization.h */,
				7C6205D31C9B868F00016F07 /* jama_lu.h */,
			);
			name = codes;
			path = 464A1;
			sourceTree = "<group>";
		};
		7CFDFAB61CC058860024325F /* lib */ = {
			isa = PBXGroup;
			children = (
				6386C3311CC05A0C001ED26E /* libamd.2.4.1.a */,
				6386C3321CC05A0C001ED26E /* libamd.a */,
				6386C3331CC05A0C001ED26E /* libbtf.1.2.1.a */,
				6386C3341CC05A0C001ED26E /* libbtf.a */,
				6386C3351CC05A0C001ED26E /* libcamd.2.4.1.a */,
				6386C3361CC05A0C001ED26E /* libcamd.a */,
				6386C3371CC05A0C001ED26E /* libccolamd.2.9.1.a */,
				6386C3381CC05A0C001ED26E /* libccolamd.a */,
				6386C3391CC05A0C001ED26E /* libcholmod.3.0.5.a */,
				6386C33A1CC05A0C001ED26E /* libcholmod.a */,
				6386C33B1CC05A0C001ED26E /* libcolamd.2.9.1.a */,
				6386C33C1CC05A0C001ED26E /* libcolamd.a */,
				6386C33D1CC05A0C001ED26E /* libcxsparse.3.1.4.a */,
				6386C33E1CC05A0C001ED26E /* libcxsparse.a */,
				6386C33F1CC05A0C001ED26E /* libklu.1.3.2.a */,
				6386C3401CC05A0C001ED26E /* libklu.a */,
				6386C3411CC05A0C001ED26E /* libldl.2.2.1.a */,
				6386C3421CC05A0C001ED26E /* libldl.a */,
				6386C3431CC05A0C001ED26E /* librbio.2.2.1.a */,
				6386C3441CC05A0C001ED26E /* librbio.a */,
				6386C3451CC05A0C001ED26E /* libspqr.2.0.1.a */,
				6386C3461CC05A0C001ED26E /* libspqr.a */,
				6386C3471CC05A0C001ED26E /* libsuitesparseconfig.4.4.4.a */,
				6386C3481CC05A0C001ED26E /* libsuitesparseconfig.a */,
				6386C3491CC05A0C001ED26E /* libumfpack.5.7.1.a */,
				6386C34A1CC05A0C001ED26E /* libumfpack.a */,
			);
			name = lib;
			sourceTree = "<group>";
		};
/* End PBXGroup section */

/* Begin PBXNativeTarget section */
		7C686C5F1C5B0EB000CE0F27 /* smf_view */ = {
			isa = PBXNativeTarget;
			buildConfigurationList = 7C686C671C5B0EB000CE0F27 /* Build configuration list for PBXNativeTarget "smf_view" */;
			buildPhases = (
				7C686C5C1C5B0EB000CE0F27 /* Sources */,
				7C686C5D1C5B0EB000CE0F27 /* Frameworks */,
				7C686C5E1C5B0EB000CE0F27 /* CopyFiles */,
			);
			buildRules = (
			);
			dependencies = (
			);
			name = smf_view;
			productName = 464A1;
			productReference = 7C686C601C5B0EB000CE0F27 /* tutte_embedding */;
			productType = "com.apple.product-type.tool";
		};
/* End PBXNativeTarget section */

/* Begin PBXProject section */
		7C686C581C5B0EB000CE0F27 /* Project object */ = {
			isa = PBXProject;
			attributes = {
				LastUpgradeCheck = 0720;
				ORGANIZATIONNAME = "Qiao Chen";
				TargetAttributes = {
					7C686C5F1C5B0EB000CE0F27 = {
						CreatedOnToolsVersion = 7.2;
					};
				};
			};
			buildConfigurationList = 7C686C5B1C5B0EB000CE0F27 /* Build configuration list for PBXProject "tutte_embedding" */;
			compatibilityVersion = "Xcode 3.2";
			developmentRegion = English;
			hasScannedForEncodings = 0;
			knownRegions = (
				en,
			);
			mainGroup = 7C686C571C5B0EB000CE0F27;
			productRefGroup = 7C686C611C5B0EB000CE0F27 /* Products */;
			projectDirPath = "";
			projectRoot = "";
			targets = (
				7C686C5F1C5B0EB000CE0F27 /* smf_view */,
			);
		};
/* End PBXProject section */

/* Begin PBXSourcesBuildPhase section */
		7C686C5C1C5B0EB000CE0F27 /* Sources */ = {
			isa = PBXSourcesBuildPhase;
			buildActionMask = 2147483647;
			files = (
				7C686C641C5B0EB000CE0F27 /* mesh_processing.mm in Sources */,
			);
			runOnlyForDeploymentPostprocessing = 0;
		};
/* End PBXSourcesBuildPhase section */

/* Begin XCBuildConfiguration section */
		7C686C651C5B0EB000CE0F27 /* Debug */ = {
			isa = XCBuildConfiguration;
			buildSettings = {
				ALWAYS_SEARCH_USER_PATHS = NO;
				CLANG_CXX_LANGUAGE_STANDARD = "gnu++0x";
				CLANG_CXX_LIBRARY = "libc++";
				CLANG_ENABLE_MODULES = YES;
				CLANG_ENABLE_OBJC_ARC = YES;
				CLANG_WARN_BOOL_CONVERSION = YES;
				CLANG_WARN_CONSTANT_CONVERSION = YES;
				CLANG_WARN_DIRECT_OBJC_ISA_USAGE = YES_ERROR;
				CLANG_WARN_EMPTY_BODY = YES;
				CLANG_WARN_ENUM_CONVERSION = YES;
				CLANG_WARN_INT_CONVERSION = YES;
				CLANG_WARN_OBJC_ROOT_CLASS = YES_ERROR;
				CLANG_WARN_UNREACHABLE_CODE = YES;
				CLANG_WARN__DUPLICATE_METHOD_MATCH = YES;
				CODE_SIGN_IDENTITY = "-";
				COPY_PHASE_STRIP = NO;
				DEBUG_INFORMATION_FORMAT = dwarf;
				ENABLE_STRICT_OBJC_MSGSEND = YES;
				ENABLE_TESTABILITY = YES;
				GCC_C_LANGUAGE_STANDARD = gnu99;
				GCC_DYNAMIC_NO_PIC = NO;
				GCC_NO_COMMON_BLOCKS = YES;
				GCC_OPTIMIZATION_LEVEL = 0;
				GCC_PREPROCESSOR_DEFINITIONS = (
					"DEBUG=1",
					"$(inherited)",
				);
				GCC_WARN_64_TO_32_BIT_CONVERSION = YES;
				GCC_WARN_ABOUT_RETURN_TYPE = YES_ERROR;
				GCC_WARN_UNDECLARED_SELECTOR = YES;
				GCC_WARN_UNINITIALIZED_AUTOS = YES_AGGRESSIVE;
				GCC_WARN_UNUSED_FUNCTION = YES;
				GCC_WARN_UNUSED_VARIABLE = YES;
				MACOSX_DEPLOYMENT_TARGET = 10.10;
				MTL_ENABLE_DEBUG_INFO = YES;
				ONLY_ACTIVE_ARCH = YES;
				SDKROOT = macosx;
			};
			name = Debug;
		};
		7C686C661C5B0EB000CE0F27 /* Release */ = {
			isa = XCBuildConfiguration;
			buildSettings = {
				ALWAYS_SEARCH_USER_PATHS = NO;
				CLANG_CXX_LANGUAGE_STANDARD = "gnu++0x";
				CLANG_CXX_LIBRARY = "libc++";
				CLANG_ENABLE_MODULES = YES;
				CLANG_ENABLE_OBJC_ARC = YES;
				CLANG_WARN_BOOL_CONVERSION = YES;
				CLANG_WARN_CONSTANT_CONVERSION = YES;
				CLANG_WARN_DIRECT_OBJC_ISA_USAGE = YES_ERROR;
				CLANG_WARN_EMPTY_BODY = YES;
				CLANG_WARN_ENUM_CONVERSION = YES;
				CLANG_WARN_INT_CONVERSION = YES;
				CLANG_WARN_OBJC_ROOT_CLASS = YES_ERROR;
				CLANG_WARN_UNREACHABLE_CODE = YES;
				CLANG_WARN__DUPLICATE_METHOD_MATCH = YES;
				CODE_SIGN_IDENTITY = "-";
				COPY_PHASE_STRIP = NO;
				DEBUG_INFORMATION_FORMAT = "dwarf-with-dsym";
				ENABLE_NS_ASSERTIONS = NO;
				ENABLE_STRICT_OBJC_MSGSEND = YES;
				GCC_C_LANGUAGE_STANDARD = gnu99;
				GCC_NO_COMMON_BLOCKS = YES;
				GCC_WARN_64_TO_32_BIT_CONVERSION = YES;
				GCC_WARN_ABOUT_RETURN_TYPE = YES_ERROR;
				GCC_WARN_UNDECLARED_SELECTOR = YES;
				GCC_WARN_UNINITIALIZED_AUTOS = YES_AGGRESSIVE;
				GCC_WARN_UNUSED_FUNCTION = YES;
				GCC_WARN_UNUSED_VARIABLE = YES;
				MACOSX_DEPLOYMENT_TARGET = 10.10;
				MTL_ENABLE_DEBUG_INFO = NO;
				SDKROOT = macosx;
			};
			name = Release;
		};
		7C686C681C5B0EB000CE0F27 /* Debug */ = {
			isa = XCBuildConfiguration;
			buildSettings = {
				FRAMEWORK_SEARCH_PATHS = (
					"$(inherited)",
					"$(LOCAL_LIBRARY_DIR)/Frameworks",
					"$(PROJECT_DIR)",
				);
				HEADER_SEARCH_PATHS = "\"/usr/local/Cellar/suite-sparse/4.4.4_2/include\"";
				LIBRARY_SEARCH_PATHS = (
					"$(PROJECT_DIR)",
					"\"/usr/local/Cellar/suite-sparse/4.4.4_2/lib\"",
				);
				MACOSX_DEPLOYMENT_TARGET = 10.8;
				PRODUCT_NAME = tutte_embedding;
			};
			name = Debug;
		};
		7C686C691C5B0EB000CE0F27 /* Release */ = {
			isa = XCBuildConfiguration;
			buildSettings = {
				FRAMEWORK_SEARCH_PATHS = (
					"$(inherited)",
					"$(LOCAL_LIBRARY_DIR)/Frameworks",
					"$(PROJECT_DIR)",
				);
				HEADER_SEARCH_PATHS = "\"/usr/local/Cellar/suite-sparse/4.4.4_2/include\"";
				LIBRARY_SEARCH_PATHS = (
					"$(PROJECT_DIR)",
					"\"/usr/local/Cellar/suite-sparse/4.4.4_2/lib\"",
				);
				MACOSX_DEPLOYMENT_TARGET = 10.8;
				PRODUCT_NAME = tutte_embedding;
			};
			name = Release;
		};
/* End XCBuildConfiguration section */

/* Begin XCConfigurationList section */
		7C686C5B1C5B0EB000CE0F27 /* Build configuration list for PBXProject "tutte_embedding" */ = {
			isa = XCConfigurationList;
			buildConfigurations = (
				7C686C651C5B0EB000CE0F27 /* Debug */,
				7C686C661C5B0EB000CE0F27 /* Release */,
			);
			defaultConfigurationIsVisible = 0;
			defaultConfigurationName = Release;
		};
		7C686C671C5B0EB000CE0F27 /* Build configuration list for PBXNativeTarget "smf_view" */ = {
			isa = XCConfigurationList;
			buildConfigurations = (
				7C686C681C5B0EB000CE0F27 /* Debug */,
				7C686C691C5B0EB000CE0F27 /* Release */,
			);
			defaultConfigurationIsVisible = 0;
			defaultConfigurationName = Release;
		};
/* End XCConfigurationList section */
	};
	rootObject = 7C686C581C5B0EB000CE0F27 /* Project object */;
}
