// !$*UTF8*$!
{
	archiveVersion = 1;
	classes = {
	};
	objectVersion = 46;
	objects = {

/* Begin PBXBuildFile section */
		634087E01CB31119002EB18F /* main.cpp in Sources */ = {isa = PBXBuildFile; fileRef = 634087DF1CB31119002EB18F /* main.cpp */; };
		6359F2911CB2F1A000279005 /* GLUT.framework in Frameworks */ = {isa = PBXBuildFile; fileRef = 6359F2901CB2F1A000279005 /* GLUT.framework */; };
		6359F2931CB2F1A400279005 /* OpenGL.framework in Frameworks */ = {isa = PBXBuildFile; fileRef = 6359F2921CB2F1A400279005 /* OpenGL.framework */; };
		6359F29D1CB2F36700279005 /* InitShader.cpp in Sources */ = {isa = PBXBuildFile; fileRef = 6359F2971CB2F36700279005 /* InitShader.cpp */; };
		637A4E361CB3BB1E006A9B75 /* imageloader.cpp in Sources */ = {isa = PBXBuildFile; fileRef = 637A4E341CB3BB1E006A9B75 /* imageloader.cpp */; };
		638956F41CB767AD00CBDD23 /* funcNeed.h in Sources */ = {isa = PBXBuildFile; fileRef = 638956F21CB767AD00CBDD23 /* funcNeed.h */; };
/* End PBXBuildFile section */

/* Begin PBXCopyFilesBuildPhase section */
		6359F2841CB2F18700279005 /* CopyFiles */ = {
			isa = PBXCopyFilesBuildPhase;
			buildActionMask = 2147483647;
			dstPath = /usr/share/man/man1/;
			dstSubfolderSpec = 0;
			files = (
			);
			runOnlyForDeploymentPostprocessing = 1;
		};
/* End PBXCopyFilesBuildPhase section */

/* Begin PBXFileReference section */
		634087DF1CB31119002EB18F /* main.cpp */ = {isa = PBXFileReference; fileEncoding = 4; lastKnownFileType = sourcecode.cpp.cpp; name = main.cpp; path = textureMapping/main.cpp; sourceTree = SOURCE_ROOT; };
		6359F2861CB2F18700279005 /* textureMapping */ = {isa = PBXFileReference; explicitFileType = "compiled.mach-o.executable"; includeInIndex = 0; path = textureMapping; sourceTree = BUILT_PRODUCTS_DIR; };
		6359F2901CB2F1A000279005 /* GLUT.framework */ = {isa = PBXFileReference; lastKnownFileType = wrapper.framework; name = GLUT.framework; path = System/Library/Frameworks/GLUT.framework; sourceTree = SDKROOT; };
		6359F2921CB2F1A400279005 /* OpenGL.framework */ = {isa = PBXFileReference; lastKnownFileType = wrapper.framework; name = OpenGL.framework; path = System/Library/Frameworks/OpenGL.framework; sourceTree = SDKROOT; };
		6359F2951CB2F36700279005 /* Angel.h */ = {isa = PBXFileReference; fileEncoding = 4; lastKnownFileType = sourcecode.c.h; path = Angel.h; sourceTree = "<group>"; };
		6359F2961CB2F36700279005 /* CheckError.h */ = {isa = PBXFileReference; fileEncoding = 4; lastKnownFileType = sourcecode.c.h; path = CheckError.h; sourceTree = "<group>"; };
		6359F2971CB2F36700279005 /* InitShader.cpp */ = {isa = PBXFileReference; fileEncoding = 4; lastKnownFileType = sourcecode.cpp.cpp; path = InitShader.cpp; sourceTree = "<group>"; };
		6359F2981CB2F36700279005 /* mat.h */ = {isa = PBXFileReference; fileEncoding = 4; lastKnownFileType = sourcecode.c.h; path = mat.h; sourceTree = "<group>"; };
		6359F2991CB2F36700279005 /* vec.h */ = {isa = PBXFileReference; fileEncoding = 4; lastKnownFileType = sourcecode.c.h; path = vec.h; sourceTree = "<group>"; };
		6359F29A1CB2F36700279005 /* fshader.glsl */ = {isa = PBXFileReference; fileEncoding = 4; lastKnownFileType = text; path = fshader.glsl; sourceTree = "<group>"; };
		6359F29B1CB2F36700279005 /* vshader.glsl */ = {isa = PBXFileReference; fileEncoding = 4; lastKnownFileType = text; path = vshader.glsl; sourceTree = "<group>"; };
		637A4E341CB3BB1E006A9B75 /* imageloader.cpp */ = {isa = PBXFileReference; fileEncoding = 4; lastKnownFileType = sourcecode.cpp.cpp; path = imageloader.cpp; sourceTree = "<group>"; };
		637A4E351CB3BB1E006A9B75 /* imageloader.h */ = {isa = PBXFileReference; fileEncoding = 4; lastKnownFileType = sourcecode.c.h; path = imageloader.h; sourceTree = "<group>"; };
		638956F21CB767AD00CBDD23 /* funcNeed.h */ = {isa = PBXFileReference; fileEncoding = 4; lastKnownFileType = sourcecode.c.h; path = funcNeed.h; sourceTree = "<group>"; };
/* End PBXFileReference section */

/* Begin PBXFrameworksBuildPhase section */
		6359F2831CB2F18700279005 /* Frameworks */ = {
			isa = PBXFrameworksBuildPhase;
			buildActionMask = 2147483647;
			files = (
				6359F2931CB2F1A400279005 /* OpenGL.framework in Frameworks */,
				6359F2911CB2F1A000279005 /* GLUT.framework in Frameworks */,
			);
			runOnlyForDeploymentPostprocessing = 0;
		};
/* End PBXFrameworksBuildPhase section */

/* Begin PBXGroup section */
		6359F27D1CB2F18700279005 = {
			isa = PBXGroup;
			children = (
				6359F2921CB2F1A400279005 /* OpenGL.framework */,
				6359F2901CB2F1A000279005 /* GLUT.framework */,
				6359F2881CB2F18700279005 /* textureMapping */,
				6359F2871CB2F18700279005 /* Products */,
			);
			sourceTree = "<group>";
		};
		6359F2871CB2F18700279005 /* Products */ = {
			isa = PBXGroup;
			children = (
				6359F2861CB2F18700279005 /* textureMapping */,
			);
			name = Products;
			sourceTree = "<group>";
		};
		6359F2881CB2F18700279005 /* textureMapping */ = {
			isa = PBXGroup;
			children = (
				634087DF1CB31119002EB18F /* main.cpp */,
				6359F2941CB2F36700279005 /* include */,
				6359F29A1CB2F36700279005 /* fshader.glsl */,
				6359F29B1CB2F36700279005 /* vshader.glsl */,
			);
			path = textureMapping;
			sourceTree = "<group>";
		};
		6359F2941CB2F36700279005 /* include */ = {
			isa = PBXGroup;
			children = (
				637A4E341CB3BB1E006A9B75 /* imageloader.cpp */,
				637A4E351CB3BB1E006A9B75 /* imageloader.h */,
				6359F2951CB2F36700279005 /* Angel.h */,
				6359F2961CB2F36700279005 /* CheckError.h */,
				6359F2971CB2F36700279005 /* InitShader.cpp */,
				6359F2981CB2F36700279005 /* mat.h */,
				6359F2991CB2F36700279005 /* vec.h */,
				638956F21CB767AD00CBDD23 /* funcNeed.h */,
			);
			path = include;
			sourceTree = "<group>";
		};
/* End PBXGroup section */

/* Begin PBXNativeTarget section */
		6359F2851CB2F18700279005 /* textureMapping */ = {
			isa = PBXNativeTarget;
			buildConfigurationList = 6359F28D1CB2F18700279005 /* Build configuration list for PBXNativeTarget "textureMapping" */;
			buildPhases = (
				6359F2821CB2F18700279005 /* Sources */,
				6359F2831CB2F18700279005 /* Frameworks */,
				6359F2841CB2F18700279005 /* CopyFiles */,
			);
			buildRules = (
			);
			dependencies = (
			);
			name = textureMapping;
			productName = textureMapping;
			productReference = 6359F2861CB2F18700279005 /* textureMapping */;
			productType = "com.apple.product-type.tool";
		};
/* End PBXNativeTarget section */

/* Begin PBXProject section */
		6359F27E1CB2F18700279005 /* Project object */ = {
			isa = PBXProject;
			attributes = {
				LastUpgradeCheck = 0720;
				ORGANIZATIONNAME = Chauncey;
				TargetAttributes = {
					6359F2851CB2F18700279005 = {
						CreatedOnToolsVersion = 7.2;
					};
				};
			};
			buildConfigurationList = 6359F2811CB2F18700279005 /* Build configuration list for PBXProject "textureMapping" */;
			compatibilityVersion = "Xcode 3.2";
			developmentRegion = English;
			hasScannedForEncodings = 0;
			knownRegions = (
				en,
			);
			mainGroup = 6359F27D1CB2F18700279005;
			productRefGroup = 6359F2871CB2F18700279005 /* Products */;
			projectDirPath = "";
			projectRoot = "";
			targets = (
				6359F2851CB2F18700279005 /* textureMapping */,
			);
		};
/* End PBXProject section */

/* Begin PBXSourcesBuildPhase section */
		6359F2821CB2F18700279005 /* Sources */ = {
			isa = PBXSourcesBuildPhase;
			buildActionMask = 2147483647;
			files = (
				634087E01CB31119002EB18F /* main.cpp in Sources */,
				638956F41CB767AD00CBDD23 /* funcNeed.h in Sources */,
				6359F29D1CB2F36700279005 /* InitShader.cpp in Sources */,
				637A4E361CB3BB1E006A9B75 /* imageloader.cpp in Sources */,
			);
			runOnlyForDeploymentPostprocessing = 0;
		};
/* End PBXSourcesBuildPhase section */

/* Begin XCBuildConfiguration section */
		6359F28B1CB2F18700279005 /* Debug */ = {
			isa = XCBuildConfiguration;
			buildSettings = {
				ALWAYS_SEARCH_USER_PATHS = NO;
				CLANG_CXX_LANGUAGE_STANDARD = "gnu++0x";
				CLANG_CXX_LIBRARY = "libc++";
				CLANG_ENABLE_MODULES = YES;
				CLANG_ENABLE_OBJC_ARC = YES;
				CLANG_WARN_BOOL_CONVERSION = YES;
				CLANG_WARN_CONSTANT_CONVERSION = YES;
				CLANG_WARN_DIRECT_OBJC_ISA_USAGE = YES_ERROR;
				CLANG_WARN_EMPTY_BODY = YES;
				CLANG_WARN_ENUM_CONVERSION = YES;
				CLANG_WARN_INT_CONVERSION = YES;
				CLANG_WARN_OBJC_ROOT_CLASS = YES_ERROR;
				CLANG_WARN_UNREACHABLE_CODE = YES;
				CLANG_WARN__DUPLICATE_METHOD_MATCH = YES;
				CODE_SIGN_IDENTITY = "-";
				COPY_PHASE_STRIP = NO;
				DEBUG_INFORMATION_FORMAT = dwarf;
				ENABLE_STRICT_OBJC_MSGSEND = YES;
				ENABLE_TESTABILITY = YES;
				GCC_C_LANGUAGE_STANDARD = gnu99;
				GCC_DYNAMIC_NO_PIC = NO;
				GCC_NO_COMMON_BLOCKS = YES;
				GCC_OPTIMIZATION_LEVEL = 0;
				GCC_PREPROCESSOR_DEFINITIONS = (
					"DEBUG=1",
					"$(inherited)",
				);
				GCC_WARN_64_TO_32_BIT_CONVERSION = YES;
				GCC_WARN_ABOUT_RETURN_TYPE = YES_ERROR;
				GCC_WARN_UNDECLARED_SELECTOR = YES;
				GCC_WARN_UNINITIALIZED_AUTOS = YES_AGGRESSIVE;
				GCC_WARN_UNUSED_FUNCTION = YES;
				GCC_WARN_UNUSED_VARIABLE = YES;
				MACOSX_DEPLOYMENT_TARGET = 10.11;
				MTL_ENABLE_DEBUG_INFO = YES;
				ONLY_ACTIVE_ARCH = YES;
				SDKROOT = macosx;
			};
			name = Debug;
		};
		6359F28C1CB2F18700279005 /* Release */ = {
			isa = XCBuildConfiguration;
			buildSettings = {
				ALWAYS_SEARCH_USER_PATHS = NO;
				CLANG_CXX_LANGUAGE_STANDARD = "gnu++0x";
				CLANG_CXX_LIBRARY = "libc++";
				CLANG_ENABLE_MODULES = YES;
				CLANG_ENABLE_OBJC_ARC = YES;
				CLANG_WARN_BOOL_CONVERSION = YES;
				CLANG_WARN_CONSTANT_CONVERSION = YES;
				CLANG_WARN_DIRECT_OBJC_ISA_USAGE = YES_ERROR;
				CLANG_WARN_EMPTY_BODY = YES;
				CLANG_WARN_ENUM_CONVERSION = YES;
				CLANG_WARN_INT_CONVERSION = YES;
				CLANG_WARN_OBJC_ROOT_CLASS = YES_ERROR;
				CLANG_WARN_UNREACHABLE_CODE = YES;
				CLANG_WARN__DUPLICATE_METHOD_MATCH = YES;
				CODE_SIGN_IDENTITY = "-";
				COPY_PHASE_STRIP = NO;
				DEBUG_INFORMATION_FORMAT = "dwarf-with-dsym";
				ENABLE_NS_ASSERTIONS = NO;
				ENABLE_STRICT_OBJC_MSGSEND = YES;
				GCC_C_LANGUAGE_STANDARD = gnu99;
				GCC_NO_COMMON_BLOCKS = YES;
				GCC_WARN_64_TO_32_BIT_CONVERSION = YES;
				GCC_WARN_ABOUT_RETURN_TYPE = YES_ERROR;
				GCC_WARN_UNDECLARED_SELECTOR = YES;
				GCC_WARN_UNINITIALIZED_AUTOS = YES_AGGRESSIVE;
				GCC_WARN_UNUSED_FUNCTION = YES;
				GCC_WARN_UNUSED_VARIABLE = YES;
				MACOSX_DEPLOYMENT_TARGET = 10.11;
				MTL_ENABLE_DEBUG_INFO = NO;
				SDKROOT = macosx;
			};
			name = Release;
		};
		6359F28E1CB2F18700279005 /* Debug */ = {
			isa = XCBuildConfiguration;
			buildSettings = {
				MACOSX_DEPLOYMENT_TARGET = 10.8;
				PRODUCT_NAME = "$(TARGET_NAME)";
			};
			name = Debug;
		};
		6359F28F1CB2F18700279005 /* Release */ = {
			isa = XCBuildConfiguration;
			buildSettings = {
				MACOSX_DEPLOYMENT_TARGET = 10.8;
				PRODUCT_NAME = "$(TARGET_NAME)";
			};
			name = Release;
		};
/* End XCBuildConfiguration section */

/* Begin XCConfigurationList section */
		6359F2811CB2F18700279005 /* Build configuration list for PBXProject "textureMapping" */ = {
			isa = XCConfigurationList;
			buildConfigurations = (
				6359F28B1CB2F18700279005 /* Debug */,
				6359F28C1CB2F18700279005 /* Release */,
			);
			defaultConfigurationIsVisible = 0;
			defaultConfigurationName = Release;
		};
		6359F28D1CB2F18700279005 /* Build configuration list for PBXNativeTarget "textureMapping" */ = {
			isa = XCConfigurationList;
			buildConfigurations = (
				6359F28E1CB2F18700279005 /* Debug */,
				6359F28F1CB2F18700279005 /* Release */,
			);
			defaultConfigurationIsVisible = 0;
			defaultConfigurationName = Release;
		};
/* End XCConfigurationList section */
	};
	rootObject = 6359F27E1CB2F18700279005 /* Project object */;
}
